
Microsoft Visual Studio Solution File, Format Version 12.00
# Visual Studio Version 17
VisualStudioVersion = 17.11.35312.102
MinimumVisualStudioVersion = 10.0.40219.1
Project("{9A19103F-16F7-4668-BE54-9A1E7A4F7556}") = "ConsoleApp1", "ConsoleApp1\ConsoleApp1.csproj", "{4E1E6AFE-899C-4A20-B163-4ACB0CA7AFE2}"
EndProject
Project("{9A19103F-16F7-4668-BE54-9A1E7A4F7556}") = "2024-25-02-02", "2024-25-02-02\WinFormsApp1\2024-25-02-02.csproj", "{3CC59CF8-8838-44D5-8A5B-409447D120C5}"
EndProject
Project("{9A19103F-16F7-4668-BE54-9A1E7A4F7556}") = "2024-25-02-03-01", "2024-25-02-03-01\2024-25-02-03-01.csproj", "{AD61B9D3-879C-479E-BCE6-223CC630C18A}"
EndProject
Project("{FAE04EC0-301F-11D3-BF4B-00C04F79EFBC}") = "mr waties gone day 1", "mr waties gone day 1\mr waties gone day 1.csproj", "{C014BD66-F358-44D0-98E0-C47D31EDCC22}"
EndProject
Global
	GlobalSection(SolutionConfigurationPlatforms) = preSolution
		Debug|Any CPU = Debug|Any CPU
		Release|Any CPU = Release|Any CPU
	EndGlobalSection
	GlobalSection(ProjectConfigurationPlatforms) = postSolution
		{4E1E6AFE-899C-4A20-B163-4ACB0CA7AFE2}.Debug|Any CPU.ActiveCfg = Debug|Any CPU
		{4E1E6AFE-899C-4A20-B163-4ACB0CA7AFE2}.Debug|Any CPU.Build.0 = Debug|Any CPU
		{4E1E6AFE-899C-4A20-B163-4ACB0CA7AFE2}.Release|Any CPU.ActiveCfg = Release|Any CPU
		{4E1E6AFE-899C-4A20-B163-4ACB0CA7AFE2}.Release|Any CPU.Build.0 = Release|Any CPU
		{3CC59CF8-8838-44D5-8A5B-409447D120C5}.Debug|Any CPU.ActiveCfg = Debug|Any CPU
		{3CC59CF8-8838-44D5-8A5B-409447D120C5}.Debug|Any CPU.Build.0 = Debug|Any CPU
		{3CC59CF8-8838-44D5-8A5B-409447D120C5}.Release|Any CPU.ActiveCfg = Release|Any CPU
		{3CC59CF8-8838-44D5-8A5B-409447D120C5}.Release|Any CPU.Build.0 = Release|Any CPU
		{AD61B9D3-879C-479E-BCE6-223CC630C18A}.Debug|Any CPU.ActiveCfg = Debug|Any CPU
		{AD61B9D3-879C-479E-BCE6-223CC630C18A}.Debug|Any CPU.Build.0 = Debug|Any CPU
		{AD61B9D3-879C-479E-BCE6-223CC630C18A}.Release|Any CPU.ActiveCfg = Release|Any CPU
		{AD61B9D3-879C-479E-BCE6-223CC630C18A}.Release|Any CPU.Build.0 = Release|Any CPU
		{C014BD66-F358-44D0-98E0-C47D31EDCC22}.Debug|Any CPU.ActiveCfg = Debug|Any CPU
		{C014BD66-F358-44D0-98E0-C47D31EDCC22}.Debug|Any CPU.Build.0 = Debug|Any CPU
		{C014BD66-F358-44D0-98E0-C47D31EDCC22}.Release|Any CPU.ActiveCfg = Release|Any CPU
		{C014BD66-F358-44D0-98E0-C47D31EDCC22}.Release|Any CPU.Build.0 = Release|Any CPU
	EndGlobalSection
	GlobalSection(SolutionProperties) = preSolution
		HideSolutionNode = FALSE
	EndGlobalSection
	GlobalSection(ExtensibilityGlobals) = postSolution
		SolutionGuid = {BF39853F-5D48-421A-AC2F-EED42331AC80}
	EndGlobalSection
EndGlobal
