
Microsoft Visual Studio Solution File, Format Version 12.00
# Visual Studio Version 17
VisualStudioVersion = 17.11.35312.102
MinimumVisualStudioVersion = 10.0.40219.1
Project("{9A19103F-16F7-4668-BE54-9A1E7A4F7556}") = "ConsoleApp1", "ConsoleApp1\ConsoleApp1.csproj", "{4E1E6AFE-899C-4A20-B163-4ACB0CA7AFE2}"
EndProject
Project("{9A19103F-16F7-4668-BE54-9A1E7A4F7556}") = "WinFormsApp1", "..\..\..\Desktop\coding 2\coding-2\2024-25-02-02\WinFormsApp1\WinFormsApp1.csproj", "{FBB91720-8DC1-4F4D-97E2-EA8C838DB0BE}"
EndProject
Global
	GlobalSection(SolutionConfigurationPlatforms) = preSolution
		Debug|Any CPU = Debug|Any CPU
		Release|Any CPU = Release|Any CPU
	EndGlobalSection
	GlobalSection(ProjectConfigurationPlatforms) = postSolution
		{4E1E6AFE-899C-4A20-B163-4ACB0CA7AFE2}.Debug|Any CPU.ActiveCfg = Debug|Any CPU
		{4E1E6AFE-899C-4A20-B163-4ACB0CA7AFE2}.Debug|Any CPU.Build.0 = Debug|Any CPU
		{4E1E6AFE-899C-4A20-B163-4ACB0CA7AFE2}.Release|Any CPU.ActiveCfg = Release|Any CPU
		{4E1E6AFE-899C-4A20-B163-4ACB0CA7AFE2}.Release|Any CPU.Build.0 = Release|Any CPU
		{FBB91720-8DC1-4F4D-97E2-EA8C838DB0BE}.Debug|Any CPU.ActiveCfg = Debug|Any CPU
		{FBB91720-8DC1-4F4D-97E2-EA8C838DB0BE}.Debug|Any CPU.Build.0 = Debug|Any CPU
		{FBB91720-8DC1-4F4D-97E2-EA8C838DB0BE}.Release|Any CPU.ActiveCfg = Release|Any CPU
		{FBB91720-8DC1-4F4D-97E2-EA8C838DB0BE}.Release|Any CPU.Build.0 = Release|Any CPU
	EndGlobalSection
	GlobalSection(SolutionProperties) = preSolution
		HideSolutionNode = FALSE
	EndGlobalSection
	GlobalSection(ExtensibilityGlobals) = postSolution
		SolutionGuid = {BF39853F-5D48-421A-AC2F-EED42331AC80}
	EndGlobalSection
EndGlobal
